<?xml version="1.0" encoding="utf-8"?>
<Project ToolsVersion="4.0" xmlns="http://schemas.microsoft.com/developer/msbuild/2003">
  <ItemGroup>
    <Filter Include="Source Files">
      <UniqueIdentifier>{4FC737F1-C7A5-4376-A066-2A32D752A2FF}</UniqueIdentifier>
      <Extensions>cpp;c;cc;cxx;def;odl;idl;hpj;bat;asm;asmx</Extensions>
    </Filter>
    <Filter Include="Header Files">
      <UniqueIdentifier>{93995380-89BD-4b04-88EB-625FBE52EBFB}</UniqueIdentifier>
      <Extensions>h;hh;hpp;hxx;hm;inl;inc;xsd</Extensions>
    </Filter>
    <Filter Include="Resource Files">
      <UniqueIdentifier>{67DA6AB6-F800-4c08-8B7A-83BB121AAD01}</UniqueIdentifier>
      <Extensions>rc;ico;cur;bmp;dlg;rc2;rct;bin;rgs;gif;jpg;jpeg;jpe;resx;tiff;tif;png;wav;mfcribbon-ms</Extensions>
    </Filter>
    <Filter Include="Engine">
      <UniqueIdentifier>{b1bea7ef-cd7b-480a-a214-bc9289167e2d}</UniqueIdentifier>
    </Filter>
    <Filter Include="Engine\Minigin">
      <UniqueIdentifier>{0bb829ea-844e-4ed2-9408-64b0bae3e3f2}</UniqueIdentifier>
    </Filter>
    <Filter Include="Engine\AlphaEngine">
      <UniqueIdentifier>{4533820b-847e-4ec0-a931-503d21d0c2d0}</UniqueIdentifier>
    </Filter>
    <Filter Include="Engine\AlphaEngine\Components">
      <UniqueIdentifier>{39e2d30b-f5d7-494d-b705-058f4430480b}</UniqueIdentifier>
    </Filter>
    <Filter Include="Engine\AlphaEngine\SceneObjects">
      <UniqueIdentifier>{b9505544-e5e0-4f0b-98a5-92c0981771ba}</UniqueIdentifier>
    </Filter>
    <Filter Include="Engine\AlphaEngine\Commands">
      <UniqueIdentifier>{d4d016e9-d0b7-4971-a0cd-4f54f920fc68}</UniqueIdentifier>
    </Filter>
    <Filter Include="Engine\AlphaEngine\Buttons">
      <UniqueIdentifier>{c4953cfc-779b-40b8-9510-de1eac9b215d}</UniqueIdentifier>
    </Filter>
    <Filter Include="Engine\AlphaEngine\Design Patterns">
      <UniqueIdentifier>{fbc7e395-53f6-49a9-bdaf-823876f61e6c}</UniqueIdentifier>
    </Filter>
  </ItemGroup>
  <ItemGroup>
    <ClInclude Include="Font.h">
      <Filter>Engine\Minigin</Filter>
    </ClInclude>
    <ClInclude Include="GameObject.h">
      <Filter>Engine\Minigin</Filter>
    </ClInclude>
    <ClInclude Include="InputManager.h">
      <Filter>Engine\Minigin</Filter>
    </ClInclude>
    <ClInclude Include="Minigin.h">
      <Filter>Engine\Minigin</Filter>
    </ClInclude>
    <ClInclude Include="MiniginPCH.h">
      <Filter>Engine\Minigin</Filter>
    </ClInclude>
    <ClInclude Include="Renderer.h">
      <Filter>Engine\Minigin</Filter>
    </ClInclude>
    <ClInclude Include="ResourceManager.h">
      <Filter>Engine\Minigin</Filter>
    </ClInclude>
    <ClInclude Include="Scene.h">
      <Filter>Engine\Minigin</Filter>
    </ClInclude>
    <ClInclude Include="SceneManager.h">
      <Filter>Engine\Minigin</Filter>
    </ClInclude>
    <ClInclude Include="SceneObject.h">
      <Filter>Engine\Minigin</Filter>
    </ClInclude>
    <ClInclude Include="TextObject.h">
      <Filter>Engine\Minigin</Filter>
    </ClInclude>
    <ClInclude Include="Texture2D.h">
      <Filter>Engine\Minigin</Filter>
    </ClInclude>
    <ClInclude Include="Transform.h">
      <Filter>Engine\Minigin</Filter>
    </ClInclude>
    <ClInclude Include="ObjectComponent.h">
      <Filter>Engine\AlphaEngine\Components</Filter>
    </ClInclude>
    <ClInclude Include="Time.h">
      <Filter>Engine\AlphaEngine\Design Patterns</Filter>
    </ClInclude>
    <ClInclude Include="FPSCounter.h">
      <Filter>Engine\AlphaEngine\SceneObjects</Filter>
    </ClInclude>
    <ClInclude Include="Command.h">
      <Filter>Engine\AlphaEngine\Commands</Filter>
    </ClInclude>
    <ClInclude Include="Button.h">
      <Filter>Engine\AlphaEngine\Buttons</Filter>
    </ClInclude>
    <ClInclude Include="Singleton.h">
      <Filter>Engine\AlphaEngine\Design Patterns</Filter>
    </ClInclude>
    <ClInclude Include="Audio.h">
      <Filter>Engine\AlphaEngine\Design Patterns</Filter>
    </ClInclude>
    <ClInclude Include="AudioService.h">
      <Filter>Engine\AlphaEngine\Design Patterns</Filter>
    </ClInclude>
  </ItemGroup>
  <ItemGroup>
    <ClCompile Include="Font.cpp">
      <Filter>Engine\Minigin</Filter>
    </ClCompile>
    <ClCompile Include="GameObject.cpp">
      <Filter>Engine\Minigin</Filter>
    </ClCompile>
    <ClCompile Include="InputManager.cpp">
      <Filter>Engine\Minigin</Filter>
    </ClCompile>
    <ClCompile Include="Minigin.cpp">
      <Filter>Engine\Minigin</Filter>
    </ClCompile>
    <ClCompile Include="MiniginPCH.cpp">
      <Filter>Engine\Minigin</Filter>
    </ClCompile>
    <ClCompile Include="Renderer.cpp">
      <Filter>Engine\Minigin</Filter>
    </ClCompile>
    <ClCompile Include="ResourceManager.cpp">
      <Filter>Engine\Minigin</Filter>
    </ClCompile>
    <ClCompile Include="Scene.cpp">
      <Filter>Engine\Minigin</Filter>
    </ClCompile>
    <ClCompile Include="SceneManager.cpp">
      <Filter>Engine\Minigin</Filter>
    </ClCompile>
    <ClCompile Include="TextObject.cpp">
      <Filter>Engine\Minigin</Filter>
    </ClCompile>
    <ClCompile Include="Texture2D.cpp">
      <Filter>Engine\Minigin</Filter>
    </ClCompile>
    <ClCompile Include="Transform.cpp">
      <Filter>Engine\Minigin</Filter>
    </ClCompile>
    <ClCompile Include="ObjectComponent.cpp">
      <Filter>Engine\AlphaEngine\Components</Filter>
    </ClCompile>
    <ClCompile Include="Time.cpp">
      <Filter>Engine\AlphaEngine\Design Patterns</Filter>
    </ClCompile>
    <ClCompile Include="FPSCounter.cpp">
      <Filter>Engine\AlphaEngine\SceneObjects</Filter>
    </ClCompile>
    <ClCompile Include="Command.cpp">
      <Filter>Engine\AlphaEngine\Commands</Filter>
    </ClCompile>
    <ClCompile Include="Button.cpp">
      <Filter>Engine\AlphaEngine\Buttons</Filter>
    </ClCompile>
    <ClCompile Include="Singleton.cpp">
      <Filter>Engine\AlphaEngine\Design Patterns</Filter>
    </ClCompile>
    <ClCompile Include="Audio.cpp">
      <Filter>Engine\AlphaEngine\Design Patterns</Filter>
    </ClCompile>
    <ClCompile Include="AudioService.cpp">
      <Filter>Engine\AlphaEngine\Design Patterns</Filter>
    </ClCompile>
  </ItemGroup>
</Project>